
Microsoft Visual Studio Solution File, Format Version 12.00
# Visual Studio Version 17
VisualStudioVersion = 17.6.33829.357
MinimumVisualStudioVersion = 10.0.40219.1
Project("{FAE04EC0-301F-11D3-BF4B-00C04F79EFBC}") = "EmailAuth", "EmailAuth\EmailAuth.csproj", "{2489678C-230C-41AB-99BE-2005496BFC33}"
EndProject
Global
	GlobalSection(SolutionConfigurationPlatforms) = preSolution
		Debug|Any CPU = Debug|Any CPU
		Release|Any CPU = Release|Any CPU
	EndGlobalSection
	GlobalSection(ProjectConfigurationPlatforms) = postSolution
		{2489678C-230C-41AB-99BE-2005496BFC33}.Debug|Any CPU.ActiveCfg = Debug|Any CPU
		{2489678C-230C-41AB-99BE-2005496BFC33}.Debug|Any CPU.Build.0 = Debug|Any CPU
		{2489678C-230C-41AB-99BE-2005496BFC33}.Release|Any CPU.ActiveCfg = Release|Any CPU
		{2489678C-230C-41AB-99BE-2005496BFC33}.Release|Any CPU.Build.0 = Release|Any CPU
	EndGlobalSection
	GlobalSection(SolutionProperties) = preSolution
		HideSolutionNode = FALSE
	EndGlobalSection
	GlobalSection(ExtensibilityGlobals) = postSolution
		SolutionGuid = {682137D4-2813-4759-B38A-F414CA7EF81C}
	EndGlobalSection
EndGlobal
